
Microsoft Visual Studio Solution File, Format Version 12.00
# Visual Studio Version 17
VisualStudioVersion = 17.14.36221.1 d17.14
MinimumVisualStudioVersion = 10.0.40219.1
Project("{FAE04EC0-301F-11D3-BF4B-00C04F79EFBC}") = "ConsoleApp1", "ConsoleApp1\ConsoleApp1.csproj", "{BB405A8F-2106-4E9D-8C8A-20313F199271}"
EndProject
Global
	GlobalSection(SolutionConfigurationPlatforms) = preSolution
		Debug|Any CPU = Debug|Any CPU
		Release|Any CPU = Release|Any CPU
	EndGlobalSection
	GlobalSection(ProjectConfigurationPlatforms) = postSolution
		{BB405A8F-2106-4E9D-8C8A-20313F199271}.Debug|Any CPU.ActiveCfg = Debug|Any CPU
		{BB405A8F-2106-4E9D-8C8A-20313F199271}.Debug|Any CPU.Build.0 = Debug|Any CPU
		{BB405A8F-2106-4E9D-8C8A-20313F199271}.Release|Any CPU.ActiveCfg = Release|Any CPU
		{BB405A8F-2106-4E9D-8C8A-20313F199271}.Release|Any CPU.Build.0 = Release|Any CPU
	EndGlobalSection
	GlobalSection(SolutionProperties) = preSolution
		HideSolutionNode = FALSE
	EndGlobalSection
	GlobalSection(ExtensibilityGlobals) = postSolution
		SolutionGuid = {8CD138C6-9277-4E3A-8CC9-D998992F2327}
	EndGlobalSection
EndGlobal
